// !$*UTF8*$!
{
	archiveVersion = 1;
	classes = {
	};
	objectVersion = 55;
	objects = {

/* Begin PBXBuildFile section */
		9F7E035C28743238002C3441 /* PlayerView.swift in Sources */ = {isa = PBXBuildFile; fileRef = 9F7E035B28743238002C3441 /* PlayerView.swift */; };
		9F9AA6BA286AD25A00D195B7 /* AppDelegate.swift in Sources */ = {isa = PBXBuildFile; fileRef = 9F9AA6B9286AD25A00D195B7 /* AppDelegate.swift */; };
		9F9AA6BC286AD25A00D195B7 /* SceneDelegate.swift in Sources */ = {isa = PBXBuildFile; fileRef = 9F9AA6BB286AD25A00D195B7 /* SceneDelegate.swift */; };
		9F9AA6C1286AD25A00D195B7 /* Main.storyboard in Resources */ = {isa = PBXBuildFile; fileRef = 9F9AA6BF286AD25A00D195B7 /* Main.storyboard */; };
		9F9AA6C3286AD25C00D195B7 /* Assets.xcassets in Resources */ = {isa = PBXBuildFile; fileRef = 9F9AA6C2286AD25C00D195B7 /* Assets.xcassets */; };
		9F9AA6C6286AD25C00D195B7 /* LaunchScreen.storyboard in Resources */ = {isa = PBXBuildFile; fileRef = 9F9AA6C4286AD25C00D195B7 /* LaunchScreen.storyboard */; };
		9F9AA6D1286AD25C00D195B7 /* MyNetflixTests.swift in Sources */ = {isa = PBXBuildFile; fileRef = 9F9AA6D0286AD25C00D195B7 /* MyNetflixTests.swift */; };
		9F9AA6DB286AD25C00D195B7 /* MyNetflixUITests.swift in Sources */ = {isa = PBXBuildFile; fileRef = 9F9AA6DA286AD25C00D195B7 /* MyNetflixUITests.swift */; };
		9F9AA6DD286AD25C00D195B7 /* MyNetflixUITestsLaunchTests.swift in Sources */ = {isa = PBXBuildFile; fileRef = 9F9AA6DC286AD25C00D195B7 /* MyNetflixUITestsLaunchTests.swift */; };
		9FA1CEB5286AD8E900F94C48 /* Home.storyboard in Resources */ = {isa = PBXBuildFile; fileRef = 9FA1CEB4286AD8E900F94C48 /* Home.storyboard */; };
		9FA1CEB7286AD90800F94C48 /* Search.storyboard in Resources */ = {isa = PBXBuildFile; fileRef = 9FA1CEB6286AD90800F94C48 /* Search.storyboard */; };
		9FA1CEB9286AD9A600F94C48 /* HomeViewController.swift in Sources */ = {isa = PBXBuildFile; fileRef = 9FA1CEB8286AD9A600F94C48 /* HomeViewController.swift */; };
		9FA1CEBB286AD9AF00F94C48 /* SearchViewController.swift in Sources */ = {isa = PBXBuildFile; fileRef = 9FA1CEBA286AD9AF00F94C48 /* SearchViewController.swift */; };
		9FA1CEBF286ADA7100F94C48 /* TabBarViewController.swift in Sources */ = {isa = PBXBuildFile; fileRef = 9FA1CEBE286ADA7100F94C48 /* TabBarViewController.swift */; };
		9FA1CEC1286AE75500F94C48 /* MovieCollectionViewCell.swift in Sources */ = {isa = PBXBuildFile; fileRef = 9FA1CEC0286AE75500F94C48 /* MovieCollectionViewCell.swift */; };
		9FA1CEC3286AE87600F94C48 /* MovieCollectionReusableView.swift in Sources */ = {isa = PBXBuildFile; fileRef = 9FA1CEC2286AE87500F94C48 /* MovieCollectionReusableView.swift */; };
		9FA1CEC5286AF46600F94C48 /* SearchCollectionViewCell.swift in Sources */ = {isa = PBXBuildFile; fileRef = 9FA1CEC4286AF46600F94C48 /* SearchCollectionViewCell.swift */; };
		9FA1CECA286B0FA100F94C48 /* SearchAPI.swift in Sources */ = {isa = PBXBuildFile; fileRef = 9FA1CEC9286B0FA100F94C48 /* SearchAPI.swift */; };
		9FA1CECD28702F4D00F94C48 /* Movie.swift in Sources */ = {isa = PBXBuildFile; fileRef = 9FA1CECC28702F4D00F94C48 /* Movie.swift */; };
		9FA1CED028702FED00F94C48 /* MovieResponse.swift in Sources */ = {isa = PBXBuildFile; fileRef = 9FA1CECF28702FED00F94C48 /* MovieResponse.swift */; };
		9FA1CED22870348F00F94C48 /* MovieManager.swift in Sources */ = {isa = PBXBuildFile; fileRef = 9FA1CED12870348F00F94C48 /* MovieManager.swift */; };
		9FA1CED4287054CB00F94C48 /* MovieViewModel.swift in Sources */ = {isa = PBXBuildFile; fileRef = 9FA1CED3287054CB00F94C48 /* MovieViewModel.swift */; };
		9FA1CED72871A40C00F94C48 /* Player.storyboard in Resources */ = {isa = PBXBuildFile; fileRef = 9FA1CED62871A40C00F94C48 /* Player.storyboard */; };
		9FA1CED92871A55500F94C48 /* PlayerViewController.swift in Sources */ = {isa = PBXBuildFile; fileRef = 9FA1CED82871A55500F94C48 /* PlayerViewController.swift */; };
/* End PBXBuildFile section */

/* Begin PBXContainerItemProxy section */
		9F9AA6CD286AD25C00D195B7 /* PBXContainerItemProxy */ = {
			isa = PBXContainerItemProxy;
			containerPortal = 9F9AA6AE286AD25A00D195B7 /* Project object */;
			proxyType = 1;
			remoteGlobalIDString = 9F9AA6B5286AD25A00D195B7;
			remoteInfo = MyNetflix;
		};
		9F9AA6D7286AD25C00D195B7 /* PBXContainerItemProxy */ = {
			isa = PBXContainerItemProxy;
			containerPortal = 9F9AA6AE286AD25A00D195B7 /* Project object */;
			proxyType = 1;
			remoteGlobalIDString = 9F9AA6B5286AD25A00D195B7;
			remoteInfo = MyNetflix;
		};
/* End PBXContainerItemProxy section */

/* Begin PBXFileReference section */
		9F7E035B28743238002C3441 /* PlayerView.swift */ = {isa = PBXFileReference; lastKnownFileType = sourcecode.swift; path = PlayerView.swift; sourceTree = "<group>"; };
		9F9AA6B6286AD25A00D195B7 /* MyNetflix.app */ = {isa = PBXFileReference; explicitFileType = wrapper.application; includeInIndex = 0; path = MyNetflix.app; sourceTree = BUILT_PRODUCTS_DIR; };
		9F9AA6B9286AD25A00D195B7 /* AppDelegate.swift */ = {isa = PBXFileReference; lastKnownFileType = sourcecode.swift; path = AppDelegate.swift; sourceTree = "<group>"; };
		9F9AA6BB286AD25A00D195B7 /* SceneDelegate.swift */ = {isa = PBXFileReference; lastKnownFileType = sourcecode.swift; path = SceneDelegate.swift; sourceTree = "<group>"; };
		9F9AA6C0286AD25A00D195B7 /* Base */ = {isa = PBXFileReference; lastKnownFileType = file.storyboard; name = Base; path = Base.lproj/Main.storyboard; sourceTree = "<group>"; };
		9F9AA6C2286AD25C00D195B7 /* Assets.xcassets */ = {isa = PBXFileReference; lastKnownFileType = folder.assetcatalog; path = Assets.xcassets; sourceTree = "<group>"; };
		9F9AA6C5286AD25C00D195B7 /* Base */ = {isa = PBXFileReference; lastKnownFileType = file.storyboard; name = Base; path = Base.lproj/LaunchScreen.storyboard; sourceTree = "<group>"; };
		9F9AA6C7286AD25C00D195B7 /* Info.plist */ = {isa = PBXFileReference; lastKnownFileType = text.plist.xml; path = Info.plist; sourceTree = "<group>"; };
		9F9AA6CC286AD25C00D195B7 /* MyNetflixTests.xctest */ = {isa = PBXFileReference; explicitFileType = wrapper.cfbundle; includeInIndex = 0; path = MyNetflixTests.xctest; sourceTree = BUILT_PRODUCTS_DIR; };
		9F9AA6D0286AD25C00D195B7 /* MyNetflixTests.swift */ = {isa = PBXFileReference; lastKnownFileType = sourcecode.swift; path = MyNetflixTests.swift; sourceTree = "<group>"; };
		9F9AA6D6286AD25C00D195B7 /* MyNetflixUITests.xctest */ = {isa = PBXFileReference; explicitFileType = wrapper.cfbundle; includeInIndex = 0; path = MyNetflixUITests.xctest; sourceTree = BUILT_PRODUCTS_DIR; };
		9F9AA6DA286AD25C00D195B7 /* MyNetflixUITests.swift */ = {isa = PBXFileReference; lastKnownFileType = sourcecode.swift; path = MyNetflixUITests.swift; sourceTree = "<group>"; };
		9F9AA6DC286AD25C00D195B7 /* MyNetflixUITestsLaunchTests.swift */ = {isa = PBXFileReference; lastKnownFileType = sourcecode.swift; path = MyNetflixUITestsLaunchTests.swift; sourceTree = "<group>"; };
		9FA1CEB4286AD8E900F94C48 /* Home.storyboard */ = {isa = PBXFileReference; lastKnownFileType = file.storyboard; path = Home.storyboard; sourceTree = "<group>"; };
		9FA1CEB6286AD90800F94C48 /* Search.storyboard */ = {isa = PBXFileReference; lastKnownFileType = file.storyboard; path = Search.storyboard; sourceTree = "<group>"; };
		9FA1CEB8286AD9A600F94C48 /* HomeViewController.swift */ = {isa = PBXFileReference; lastKnownFileType = sourcecode.swift; path = HomeViewController.swift; sourceTree = "<group>"; };
		9FA1CEBA286AD9AF00F94C48 /* SearchViewController.swift */ = {isa = PBXFileReference; lastKnownFileType = sourcecode.swift; path = SearchViewController.swift; sourceTree = "<group>"; };
		9FA1CEBE286ADA7100F94C48 /* TabBarViewController.swift */ = {isa = PBXFileReference; lastKnownFileType = sourcecode.swift; path = TabBarViewController.swift; sourceTree = "<group>"; };
		9FA1CEC0286AE75500F94C48 /* MovieCollectionViewCell.swift */ = {isa = PBXFileReference; lastKnownFileType = sourcecode.swift; path = MovieCollectionViewCell.swift; sourceTree = "<group>"; };
		9FA1CEC2286AE87500F94C48 /* MovieCollectionReusableView.swift */ = {isa = PBXFileReference; lastKnownFileType = sourcecode.swift; path = MovieCollectionReusableView.swift; sourceTree = "<group>"; };
		9FA1CEC4286AF46600F94C48 /* SearchCollectionViewCell.swift */ = {isa = PBXFileReference; lastKnownFileType = sourcecode.swift; path = SearchCollectionViewCell.swift; sourceTree = "<group>"; };
		9FA1CEC9286B0FA100F94C48 /* SearchAPI.swift */ = {isa = PBXFileReference; lastKnownFileType = sourcecode.swift; path = SearchAPI.swift; sourceTree = "<group>"; };
		9FA1CECC28702F4D00F94C48 /* Movie.swift */ = {isa = PBXFileReference; lastKnownFileType = sourcecode.swift; path = Movie.swift; sourceTree = "<group>"; };
		9FA1CECF28702FED00F94C48 /* MovieResponse.swift */ = {isa = PBXFileReference; lastKnownFileType = sourcecode.swift; path = MovieResponse.swift; sourceTree = "<group>"; };
		9FA1CED12870348F00F94C48 /* MovieManager.swift */ = {isa = PBXFileReference; lastKnownFileType = sourcecode.swift; path = MovieManager.swift; sourceTree = "<group>"; };
		9FA1CED3287054CB00F94C48 /* MovieViewModel.swift */ = {isa = PBXFileReference; lastKnownFileType = sourcecode.swift; path = MovieViewModel.swift; sourceTree = "<group>"; };
		9FA1CED62871A40C00F94C48 /* Player.storyboard */ = {isa = PBXFileReference; lastKnownFileType = file.storyboard; path = Player.storyboard; sourceTree = "<group>"; };
		9FA1CED82871A55500F94C48 /* PlayerViewController.swift */ = {isa = PBXFileReference; lastKnownFileType = sourcecode.swift; path = PlayerViewController.swift; sourceTree = "<group>"; };
/* End PBXFileReference section */

/* Begin PBXFrameworksBuildPhase section */
		9F9AA6B3286AD25A00D195B7 /* Frameworks */ = {
			isa = PBXFrameworksBuildPhase;
			buildActionMask = 2147483647;
			files = (
			);
			runOnlyForDeploymentPostprocessing = 0;
		};
		9F9AA6C9286AD25C00D195B7 /* Frameworks */ = {
			isa = PBXFrameworksBuildPhase;
			buildActionMask = 2147483647;
			files = (
			);
			runOnlyForDeploymentPostprocessing = 0;
		};
		9F9AA6D3286AD25C00D195B7 /* Frameworks */ = {
			isa = PBXFrameworksBuildPhase;
			buildActionMask = 2147483647;
			files = (
			);
			runOnlyForDeploymentPostprocessing = 0;
		};
/* End PBXFrameworksBuildPhase section */

/* Begin PBXGroup section */
		9F9AA6AD286AD25A00D195B7 = {
			isa = PBXGroup;
			children = (
				9F9AA6B8286AD25A00D195B7 /* MyNetflix */,
				9F9AA6CF286AD25C00D195B7 /* MyNetflixTests */,
				9F9AA6D9286AD25C00D195B7 /* MyNetflixUITests */,
				9F9AA6B7286AD25A00D195B7 /* Products */,
			);
			sourceTree = "<group>";
		};
		9F9AA6B7286AD25A00D195B7 /* Products */ = {
			isa = PBXGroup;
			children = (
				9F9AA6B6286AD25A00D195B7 /* MyNetflix.app */,
				9F9AA6CC286AD25C00D195B7 /* MyNetflixTests.xctest */,
				9F9AA6D6286AD25C00D195B7 /* MyNetflixUITests.xctest */,
			);
			name = Products;
			sourceTree = "<group>";
		};
		9F9AA6B8286AD25A00D195B7 /* MyNetflix */ = {
			isa = PBXGroup;
			children = (
				9FA1CECE28702FCA00F94C48 /* Response */,
				9FA1CECB28702EB600F94C48 /* Model */,
				9FA1CEC8286B0F8500F94C48 /* Network */,
				9FA1CEBD286AD9BC00F94C48 /* Saerch */,
				9FA1CED52871A3AE00F94C48 /* Player */,
				9FA1CEBC286AD9B400F94C48 /* Home */,
				9F9AA6B9286AD25A00D195B7 /* AppDelegate.swift */,
				9F9AA6BB286AD25A00D195B7 /* SceneDelegate.swift */,
				9F9AA6BF286AD25A00D195B7 /* Main.storyboard */,
				9FA1CEBE286ADA7100F94C48 /* TabBarViewController.swift */,
				9F9AA6C2286AD25C00D195B7 /* Assets.xcassets */,
				9F9AA6C4286AD25C00D195B7 /* LaunchScreen.storyboard */,
				9F9AA6C7286AD25C00D195B7 /* Info.plist */,
			);
			path = MyNetflix;
			sourceTree = "<group>";
		};
		9F9AA6CF286AD25C00D195B7 /* MyNetflixTests */ = {
			isa = PBXGroup;
			children = (
				9F9AA6D0286AD25C00D195B7 /* MyNetflixTests.swift */,
			);
			path = MyNetflixTests;
			sourceTree = "<group>";
		};
		9F9AA6D9286AD25C00D195B7 /* MyNetflixUITests */ = {
			isa = PBXGroup;
			children = (
				9F9AA6DA286AD25C00D195B7 /* MyNetflixUITests.swift */,
				9F9AA6DC286AD25C00D195B7 /* MyNetflixUITestsLaunchTests.swift */,
			);
			path = MyNetflixUITests;
			sourceTree = "<group>";
		};
		9FA1CEBC286AD9B400F94C48 /* Home */ = {
			isa = PBXGroup;
			children = (
				9FA1CEB4286AD8E900F94C48 /* Home.storyboard */,
				9FA1CEB8286AD9A600F94C48 /* HomeViewController.swift */,
				9FA1CEC2286AE87500F94C48 /* MovieCollectionReusableView.swift */,
				9FA1CEC0286AE75500F94C48 /* MovieCollectionViewCell.swift */,
			);
			path = Home;
			sourceTree = "<group>";
		};
		9FA1CEBD286AD9BC00F94C48 /* Saerch */ = {
			isa = PBXGroup;
			children = (
				9FA1CEB6286AD90800F94C48 /* Search.storyboard */,
				9FA1CEBA286AD9AF00F94C48 /* SearchViewController.swift */,
				9FA1CEC4286AF46600F94C48 /* SearchCollectionViewCell.swift */,
			);
			path = Saerch;
			sourceTree = "<group>";
		};
		9FA1CEC8286B0F8500F94C48 /* Network */ = {
			isa = PBXGroup;
			children = (
				9FA1CEC9286B0FA100F94C48 /* SearchAPI.swift */,
			);
			path = Network;
			sourceTree = "<group>";
		};
		9FA1CECB28702EB600F94C48 /* Model */ = {
			isa = PBXGroup;
			children = (
				9FA1CECC28702F4D00F94C48 /* Movie.swift */,
				9FA1CED12870348F00F94C48 /* MovieManager.swift */,
				9FA1CED3287054CB00F94C48 /* MovieViewModel.swift */,
			);
			path = Model;
			sourceTree = "<group>";
		};
		9FA1CECE28702FCA00F94C48 /* Response */ = {
			isa = PBXGroup;
			children = (
				9FA1CECF28702FED00F94C48 /* MovieResponse.swift */,
			);
			path = Response;
			sourceTree = "<group>";
		};
		9FA1CED52871A3AE00F94C48 /* Player */ = {
			isa = PBXGroup;
			children = (
				9FA1CED62871A40C00F94C48 /* Player.storyboard */,
				9F7E035B28743238002C3441 /* PlayerView.swift */,
				9FA1CED82871A55500F94C48 /* PlayerViewController.swift */,
			);
			path = Player;
			sourceTree = "<group>";
		};
/* End PBXGroup section */

/* Begin PBXNativeTarget section */
		9F9AA6B5286AD25A00D195B7 /* MyNetflix */ = {
			isa = PBXNativeTarget;
			buildConfigurationList = 9F9AA6E0286AD25C00D195B7 /* Build configuration list for PBXNativeTarget "MyNetflix" */;
			buildPhases = (
				9F9AA6B2286AD25A00D195B7 /* Sources */,
				9F9AA6B3286AD25A00D195B7 /* Frameworks */,
				9F9AA6B4286AD25A00D195B7 /* Resources */,
			);
			buildRules = (
			);
			dependencies = (
			);
			name = MyNetflix;
			productName = MyNetflix;
			productReference = 9F9AA6B6286AD25A00D195B7 /* MyNetflix.app */;
			productType = "com.apple.product-type.application";
		};
		9F9AA6CB286AD25C00D195B7 /* MyNetflixTests */ = {
			isa = PBXNativeTarget;
			buildConfigurationList = 9F9AA6E3286AD25C00D195B7 /* Build configuration list for PBXNativeTarget "MyNetflixTests" */;
			buildPhases = (
				9F9AA6C8286AD25C00D195B7 /* Sources */,
				9F9AA6C9286AD25C00D195B7 /* Frameworks */,
				9F9AA6CA286AD25C00D195B7 /* Resources */,
			);
			buildRules = (
			);
			dependencies = (
				9F9AA6CE286AD25C00D195B7 /* PBXTargetDependency */,
			);
			name = MyNetflixTests;
			productName = MyNetflixTests;
			productReference = 9F9AA6CC286AD25C00D195B7 /* MyNetflixTests.xctest */;
			productType = "com.apple.product-type.bundle.unit-test";
		};
		9F9AA6D5286AD25C00D195B7 /* MyNetflixUITests */ = {
			isa = PBXNativeTarget;
			buildConfigurationList = 9F9AA6E6286AD25C00D195B7 /* Build configuration list for PBXNativeTarget "MyNetflixUITests" */;
			buildPhases = (
				9F9AA6D2286AD25C00D195B7 /* Sources */,
				9F9AA6D3286AD25C00D195B7 /* Frameworks */,
				9F9AA6D4286AD25C00D195B7 /* Resources */,
			);
			buildRules = (
			);
			dependencies = (
				9F9AA6D8286AD25C00D195B7 /* PBXTargetDependency */,
			);
			name = MyNetflixUITests;
			productName = MyNetflixUITests;
			productReference = 9F9AA6D6286AD25C00D195B7 /* MyNetflixUITests.xctest */;
			productType = "com.apple.product-type.bundle.ui-testing";
		};
/* End PBXNativeTarget section */

/* Begin PBXProject section */
		9F9AA6AE286AD25A00D195B7 /* Project object */ = {
			isa = PBXProject;
			attributes = {
				BuildIndependentTargetsInParallel = 1;
				LastSwiftUpdateCheck = 1340;
				LastUpgradeCheck = 1340;
				TargetAttributes = {
					9F9AA6B5286AD25A00D195B7 = {
						CreatedOnToolsVersion = 13.4.1;
					};
					9F9AA6CB286AD25C00D195B7 = {
						CreatedOnToolsVersion = 13.4.1;
						TestTargetID = 9F9AA6B5286AD25A00D195B7;
					};
					9F9AA6D5286AD25C00D195B7 = {
						CreatedOnToolsVersion = 13.4.1;
						TestTargetID = 9F9AA6B5286AD25A00D195B7;
					};
				};
			};
			buildConfigurationList = 9F9AA6B1286AD25A00D195B7 /* Build configuration list for PBXProject "MyNetflix" */;
			compatibilityVersion = "Xcode 13.0";
			developmentRegion = en;
			hasScannedForEncodings = 0;
			knownRegions = (
				en,
				Base,
			);
			mainGroup = 9F9AA6AD286AD25A00D195B7;
			productRefGroup = 9F9AA6B7286AD25A00D195B7 /* Products */;
			projectDirPath = "";
			projectRoot = "";
			targets = (
				9F9AA6B5286AD25A00D195B7 /* MyNetflix */,
				9F9AA6CB286AD25C00D195B7 /* MyNetflixTests */,
				9F9AA6D5286AD25C00D195B7 /* MyNetflixUITests */,
			);
		};
/* End PBXProject section */

/* Begin PBXResourcesBuildPhase section */
		9F9AA6B4286AD25A00D195B7 /* Resources */ = {
			isa = PBXResourcesBuildPhase;
			buildActionMask = 2147483647;
			files = (
				9F9AA6C6286AD25C00D195B7 /* LaunchScreen.storyboard in Resources */,
				9F9AA6C3286AD25C00D195B7 /* Assets.xcassets in Resources */,
				9F9AA6C1286AD25A00D195B7 /* Main.storyboard in Resources */,
				9FA1CEB5286AD8E900F94C48 /* Home.storyboard in Resources */,
				9FA1CEB7286AD90800F94C48 /* Search.storyboard in Resources */,
				9FA1CED72871A40C00F94C48 /* Player.storyboard in Resources */,
			);
			runOnlyForDeploymentPostprocessing = 0;
		};
		9F9AA6CA286AD25C00D195B7 /* Resources */ = {
			isa = PBXResourcesBuildPhase;
			buildActionMask = 2147483647;
			files = (
			);
			runOnlyForDeploymentPostprocessing = 0;
		};
		9F9AA6D4286AD25C00D195B7 /* Resources */ = {
			isa = PBXResourcesBuildPhase;
			buildActionMask = 2147483647;
			files = (
			);
			runOnlyForDeploymentPostprocessing = 0;
		};
/* End PBXResourcesBuildPhase section */

/* Begin PBXSourcesBuildPhase section */
		9F9AA6B2286AD25A00D195B7 /* Sources */ = {
			isa = PBXSourcesBuildPhase;
			buildActionMask = 2147483647;
			files = (
				9FA1CECA286B0FA100F94C48 /* SearchAPI.swift in Sources */,
				9FA1CEC3286AE87600F94C48 /* MovieCollectionReusableView.swift in Sources */,
				9FA1CEBB286AD9AF00F94C48 /* SearchViewController.swift in Sources */,
				9F7E035C28743238002C3441 /* PlayerView.swift in Sources */,
				9FA1CED92871A55500F94C48 /* PlayerViewController.swift in Sources */,
				9F9AA6BA286AD25A00D195B7 /* AppDelegate.swift in Sources */,
				9FA1CED22870348F00F94C48 /* MovieManager.swift in Sources */,
				9F9AA6BC286AD25A00D195B7 /* SceneDelegate.swift in Sources */,
				9FA1CEC1286AE75500F94C48 /* MovieCollectionViewCell.swift in Sources */,
				9FA1CEBF286ADA7100F94C48 /* TabBarViewController.swift in Sources */,
				9FA1CEC5286AF46600F94C48 /* SearchCollectionViewCell.swift in Sources */,
				9FA1CED028702FED00F94C48 /* MovieResponse.swift in Sources */,
				9FA1CED4287054CB00F94C48 /* MovieViewModel.swift in Sources */,
				9FA1CECD28702F4D00F94C48 /* Movie.swift in Sources */,
				9FA1CEB9286AD9A600F94C48 /* HomeViewController.swift in Sources */,
			);
			runOnlyForDeploymentPostprocessing = 0;
		};
		9F9AA6C8286AD25C00D195B7 /* Sources */ = {
			isa = PBXSourcesBuildPhase;
			buildActionMask = 2147483647;
			files = (
				9F9AA6D1286AD25C00D195B7 /* MyNetflixTests.swift in Sources */,
			);
			runOnlyForDeploymentPostprocessing = 0;
		};
		9F9AA6D2286AD25C00D195B7 /* Sources */ = {
			isa = PBXSourcesBuildPhase;
			buildActionMask = 2147483647;
			files = (
				9F9AA6DB286AD25C00D195B7 /* MyNetflixUITests.swift in Sources */,
				9F9AA6DD286AD25C00D195B7 /* MyNetflixUITestsLaunchTests.swift in Sources */,
			);
			runOnlyForDeploymentPostprocessing = 0;
		};
/* End PBXSourcesBuildPhase section */

/* Begin PBXTargetDependency section */
		9F9AA6CE286AD25C00D195B7 /* PBXTargetDependency */ = {
			isa = PBXTargetDependency;
			target = 9F9AA6B5286AD25A00D195B7 /* MyNetflix */;
			targetProxy = 9F9AA6CD286AD25C00D195B7 /* PBXContainerItemProxy */;
		};
		9F9AA6D8286AD25C00D195B7 /* PBXTargetDependency */ = {
			isa = PBXTargetDependency;
			target = 9F9AA6B5286AD25A00D195B7 /* MyNetflix */;
			targetProxy = 9F9AA6D7286AD25C00D195B7 /* PBXContainerItemProxy */;
		};
/* End PBXTargetDependency section */

/* Begin PBXVariantGroup section */
		9F9AA6BF286AD25A00D195B7 /* Main.storyboard */ = {
			isa = PBXVariantGroup;
			children = (
				9F9AA6C0286AD25A00D195B7 /* Base */,
			);
			name = Main.storyboard;
			sourceTree = "<group>";
		};
		9F9AA6C4286AD25C00D195B7 /* LaunchScreen.storyboard */ = {
			isa = PBXVariantGroup;
			children = (
				9F9AA6C5286AD25C00D195B7 /* Base */,
			);
			name = LaunchScreen.storyboard;
			sourceTree = "<group>";
		};
/* End PBXVariantGroup section */

/* Begin XCBuildConfiguration section */
		9F9AA6DE286AD25C00D195B7 /* Debug */ = {
			isa = XCBuildConfiguration;
			buildSettings = {
				ALWAYS_SEARCH_USER_PATHS = NO;
				CLANG_ANALYZER_NONNULL = YES;
				CLANG_ANALYZER_NUMBER_OBJECT_CONVERSION = YES_AGGRESSIVE;
				CLANG_CXX_LANGUAGE_STANDARD = "gnu++17";
				CLANG_ENABLE_MODULES = YES;
				CLANG_ENABLE_OBJC_ARC = YES;
				CLANG_ENABLE_OBJC_WEAK = YES;
				CLANG_WARN_BLOCK_CAPTURE_AUTORELEASING = YES;
				CLANG_WARN_BOOL_CONVERSION = YES;
				CLANG_WARN_COMMA = YES;
				CLANG_WARN_CONSTANT_CONVERSION = YES;
				CLANG_WARN_DEPRECATED_OBJC_IMPLEMENTATIONS = YES;
				CLANG_WARN_DIRECT_OBJC_ISA_USAGE = YES_ERROR;
				CLANG_WARN_DOCUMENTATION_COMMENTS = YES;
				CLANG_WARN_EMPTY_BODY = YES;
				CLANG_WARN_ENUM_CONVERSION = YES;
				CLANG_WARN_INFINITE_RECURSION = YES;
				CLANG_WARN_INT_CONVERSION = YES;
				CLANG_WARN_NON_LITERAL_NULL_CONVERSION = YES;
				CLANG_WARN_OBJC_IMPLICIT_RETAIN_SELF = YES;
				CLANG_WARN_OBJC_LITERAL_CONVERSION = YES;
				CLANG_WARN_OBJC_ROOT_CLASS = YES_ERROR;
				CLANG_WARN_QUOTED_INCLUDE_IN_FRAMEWORK_HEADER = YES;
				CLANG_WARN_RANGE_LOOP_ANALYSIS = YES;
				CLANG_WARN_STRICT_PROTOTYPES = YES;
				CLANG_WARN_SUSPICIOUS_MOVE = YES;
				CLANG_WARN_UNGUARDED_AVAILABILITY = YES_AGGRESSIVE;
				CLANG_WARN_UNREACHABLE_CODE = YES;
				CLANG_WARN__DUPLICATE_METHOD_MATCH = YES;
				COPY_PHASE_STRIP = NO;
				DEBUG_INFORMATION_FORMAT = dwarf;
				ENABLE_STRICT_OBJC_MSGSEND = YES;
				ENABLE_TESTABILITY = YES;
				GCC_C_LANGUAGE_STANDARD = gnu11;
				GCC_DYNAMIC_NO_PIC = NO;
				GCC_NO_COMMON_BLOCKS = YES;
				GCC_OPTIMIZATION_LEVEL = 0;
				GCC_PREPROCESSOR_DEFINITIONS = (
					"DEBUG=1",
					"$(inherited)",
				);
				GCC_WARN_64_TO_32_BIT_CONVERSION = YES;
				GCC_WARN_ABOUT_RETURN_TYPE = YES_ERROR;
				GCC_WARN_UNDECLARED_SELECTOR = YES;
				GCC_WARN_UNINITIALIZED_AUTOS = YES_AGGRESSIVE;
				GCC_WARN_UNUSED_FUNCTION = YES;
				GCC_WARN_UNUSED_VARIABLE = YES;
				IPHONEOS_DEPLOYMENT_TARGET = 15.5;
				MTL_ENABLE_DEBUG_INFO = INCLUDE_SOURCE;
				MTL_FAST_MATH = YES;
				ONLY_ACTIVE_ARCH = YES;
				SDKROOT = iphoneos;
				SWIFT_ACTIVE_COMPILATION_CONDITIONS = DEBUG;
				SWIFT_OPTIMIZATION_LEVEL = "-Onone";
			};
			name = Debug;
		};
		9F9AA6DF286AD25C00D195B7 /* Release */ = {
			isa = XCBuildConfiguration;
			buildSettings = {
				ALWAYS_SEARCH_USER_PATHS = NO;
				CLANG_ANALYZER_NONNULL = YES;
				CLANG_ANALYZER_NUMBER_OBJECT_CONVERSION = YES_AGGRESSIVE;
				CLANG_CXX_LANGUAGE_STANDARD = "gnu++17";
				CLANG_ENABLE_MODULES = YES;
				CLANG_ENABLE_OBJC_ARC = YES;
				CLANG_ENABLE_OBJC_WEAK = YES;
				CLANG_WARN_BLOCK_CAPTURE_AUTORELEASING = YES;
				CLANG_WARN_BOOL_CONVERSION = YES;
				CLANG_WARN_COMMA = YES;
				CLANG_WARN_CONSTANT_CONVERSION = YES;
				CLANG_WARN_DEPRECATED_OBJC_IMPLEMENTATIONS = YES;
				CLANG_WARN_DIRECT_OBJC_ISA_USAGE = YES_ERROR;
				CLANG_WARN_DOCUMENTATION_COMMENTS = YES;
				CLANG_WARN_EMPTY_BODY = YES;
				CLANG_WARN_ENUM_CONVERSION = YES;
				CLANG_WARN_INFINITE_RECURSION = YES;
				CLANG_WARN_INT_CONVERSION = YES;
				CLANG_WARN_NON_LITERAL_NULL_CONVERSION = YES;
				CLANG_WARN_OBJC_IMPLICIT_RETAIN_SELF = YES;
				CLANG_WARN_OBJC_LITERAL_CONVERSION = YES;
				CLANG_WARN_OBJC_ROOT_CLASS = YES_ERROR;
				CLANG_WARN_QUOTED_INCLUDE_IN_FRAMEWORK_HEADER = YES;
				CLANG_WARN_RANGE_LOOP_ANALYSIS = YES;
				CLANG_WARN_STRICT_PROTOTYPES = YES;
				CLANG_WARN_SUSPICIOUS_MOVE = YES;
				CLANG_WARN_UNGUARDED_AVAILABILITY = YES_AGGRESSIVE;
				CLANG_WARN_UNREACHABLE_CODE = YES;
				CLANG_WARN__DUPLICATE_METHOD_MATCH = YES;
				COPY_PHASE_STRIP = NO;
				DEBUG_INFORMATION_FORMAT = "dwarf-with-dsym";
				ENABLE_NS_ASSERTIONS = NO;
				ENABLE_STRICT_OBJC_MSGSEND = YES;
				GCC_C_LANGUAGE_STANDARD = gnu11;
				GCC_NO_COMMON_BLOCKS = YES;
				GCC_WARN_64_TO_32_BIT_CONVERSION = YES;
				GCC_WARN_ABOUT_RETURN_TYPE = YES_ERROR;
				GCC_WARN_UNDECLARED_SELECTOR = YES;
				GCC_WARN_UNINITIALIZED_AUTOS = YES_AGGRESSIVE;
				GCC_WARN_UNUSED_FUNCTION = YES;
				GCC_WARN_UNUSED_VARIABLE = YES;
				IPHONEOS_DEPLOYMENT_TARGET = 15.5;
				MTL_ENABLE_DEBUG_INFO = NO;
				MTL_FAST_MATH = YES;
				SDKROOT = iphoneos;
				SWIFT_COMPILATION_MODE = wholemodule;
				SWIFT_OPTIMIZATION_LEVEL = "-O";
				VALIDATE_PRODUCT = YES;
			};
			name = Release;
		};
		9F9AA6E1286AD25C00D195B7 /* Debug */ = {
			isa = XCBuildConfiguration;
			buildSettings = {
				ASSETCATALOG_COMPILER_APPICON_NAME = AppIcon;
				ASSETCATALOG_COMPILER_GLOBAL_ACCENT_COLOR_NAME = AccentColor;
				CODE_SIGN_STYLE = Automatic;
				CURRENT_PROJECT_VERSION = 1;
				DEVELOPMENT_TEAM = 932AKUPJM7;
				GENERATE_INFOPLIST_FILE = YES;
				INFOPLIST_FILE = MyNetflix/Info.plist;
				INFOPLIST_KEY_UIApplicationSupportsIndirectInputEvents = YES;
				INFOPLIST_KEY_UILaunchStoryboardName = LaunchScreen;
				INFOPLIST_KEY_UISupportedInterfaceOrientations_iPad = "UIInterfaceOrientationPortrait UIInterfaceOrientationPortraitUpsideDown UIInterfaceOrientationLandscapeLeft UIInterfaceOrientationLandscapeRight";
				INFOPLIST_KEY_UISupportedInterfaceOrientations_iPhone = "UIInterfaceOrientationPortrait UIInterfaceOrientationLandscapeLeft UIInterfaceOrientationLandscapeRight";
				LD_RUNPATH_SEARCH_PATHS = (
					"$(inherited)",
					"@executable_path/Frameworks",
				);
				MARKETING_VERSION = 1.0;
				PRODUCT_BUNDLE_IDENTIFIER = ryuhyeonjin.MyNetflix;
				PRODUCT_NAME = "$(TARGET_NAME)";
				SWIFT_EMIT_LOC_STRINGS = YES;
				SWIFT_VERSION = 5.0;
				TARGETED_DEVICE_FAMILY = "1,2";
			};
			name = Debug;
		};
		9F9AA6E2286AD25C00D195B7 /* Release */ = {
			isa = XCBuildConfiguration;
			buildSettings = {
				ASSETCATALOG_COMPILER_APPICON_NAME = AppIcon;
				ASSETCATALOG_COMPILER_GLOBAL_ACCENT_COLOR_NAME = AccentColor;
				CODE_SIGN_STYLE = Automatic;
				CURRENT_PROJECT_VERSION = 1;
				DEVELOPMENT_TEAM = 932AKUPJM7;
				GENERATE_INFOPLIST_FILE = YES;
				INFOPLIST_FILE = MyNetflix/Info.plist;
				INFOPLIST_KEY_UIApplicationSupportsIndirectInputEvents = YES;
				INFOPLIST_KEY_UILaunchStoryboardName = LaunchScreen;
				INFOPLIST_KEY_UISupportedInterfaceOrientations_iPad = "UIInterfaceOrientationPortrait UIInterfaceOrientationPortraitUpsideDown UIInterfaceOrientationLandscapeLeft UIInterfaceOrientationLandscapeRight";
				INFOPLIST_KEY_UISupportedInterfaceOrientations_iPhone = "UIInterfaceOrientationPortrait UIInterfaceOrientationLandscapeLeft UIInterfaceOrientationLandscapeRight";
				LD_RUNPATH_SEARCH_PATHS = (
					"$(inherited)",
					"@executable_path/Frameworks",
				);
				MARKETING_VERSION = 1.0;
				PRODUCT_BUNDLE_IDENTIFIER = ryuhyeonjin.MyNetflix;
				PRODUCT_NAME = "$(TARGET_NAME)";
				SWIFT_EMIT_LOC_STRINGS = YES;
				SWIFT_VERSION = 5.0;
				TARGETED_DEVICE_FAMILY = "1,2";
			};
			name = Release;
		};
		9F9AA6E4286AD25C00D195B7 /* Debug */ = {
			isa = XCBuildConfiguration;
			buildSettings = {
				ALWAYS_EMBED_SWIFT_STANDARD_LIBRARIES = YES;
				BUNDLE_LOADER = "$(TEST_HOST)";
				CODE_SIGN_STYLE = Automatic;
				CURRENT_PROJECT_VERSION = 1;
				DEVELOPMENT_TEAM = 932AKUPJM7;
				GENERATE_INFOPLIST_FILE = YES;
				IPHONEOS_DEPLOYMENT_TARGET = 15.5;
				MARKETING_VERSION = 1.0;
				PRODUCT_BUNDLE_IDENTIFIER = ryuhyeonjin.MyNetflixTests;
				PRODUCT_NAME = "$(TARGET_NAME)";
				SWIFT_EMIT_LOC_STRINGS = NO;
				SWIFT_VERSION = 5.0;
				TARGETED_DEVICE_FAMILY = "1,2";
				TEST_HOST = "$(BUILT_PRODUCTS_DIR)/MyNetflix.app/MyNetflix";
			};
			name = Debug;
		};
		9F9AA6E5286AD25C00D195B7 /* Release */ = {
			isa = XCBuildConfiguration;
			buildSettings = {
				ALWAYS_EMBED_SWIFT_STANDARD_LIBRARIES = YES;
				BUNDLE_LOADER = "$(TEST_HOST)";
				CODE_SIGN_STYLE = Automatic;
				CURRENT_PROJECT_VERSION = 1;
				DEVELOPMENT_TEAM = 932AKUPJM7;
				GENERATE_INFOPLIST_FILE = YES;
				IPHONEOS_DEPLOYMENT_TARGET = 15.5;
				MARKETING_VERSION = 1.0;
				PRODUCT_BUNDLE_IDENTIFIER = ryuhyeonjin.MyNetflixTests;
				PRODUCT_NAME = "$(TARGET_NAME)";
				SWIFT_EMIT_LOC_STRINGS = NO;
				SWIFT_VERSION = 5.0;
				TARGETED_DEVICE_FAMILY = "1,2";
				TEST_HOST = "$(BUILT_PRODUCTS_DIR)/MyNetflix.app/MyNetflix";
			};
			name = Release;
		};
		9F9AA6E7286AD25C00D195B7 /* Debug */ = {
			isa = XCBuildConfiguration;
			buildSettings = {
				ALWAYS_EMBED_SWIFT_STANDARD_LIBRARIES = YES;
				CODE_SIGN_STYLE = Automatic;
				CURRENT_PROJECT_VERSION = 1;
				DEVELOPMENT_TEAM = 932AKUPJM7;
				GENERATE_INFOPLIST_FILE = YES;
				MARKETING_VERSION = 1.0;
				PRODUCT_BUNDLE_IDENTIFIER = ryuhyeonjin.MyNetflixUITests;
				PRODUCT_NAME = "$(TARGET_NAME)";
				SWIFT_EMIT_LOC_STRINGS = NO;
				SWIFT_VERSION = 5.0;
				TARGETED_DEVICE_FAMILY = "1,2";
				TEST_TARGET_NAME = MyNetflix;
			};
			name = Debug;
		};
		9F9AA6E8286AD25C00D195B7 /* Release */ = {
			isa = XCBuildConfiguration;
			buildSettings = {
				ALWAYS_EMBED_SWIFT_STANDARD_LIBRARIES = YES;
				CODE_SIGN_STYLE = Automatic;
				CURRENT_PROJECT_VERSION = 1;
				DEVELOPMENT_TEAM = 932AKUPJM7;
				GENERATE_INFOPLIST_FILE = YES;
				MARKETING_VERSION = 1.0;
				PRODUCT_BUNDLE_IDENTIFIER = ryuhyeonjin.MyNetflixUITests;
				PRODUCT_NAME = "$(TARGET_NAME)";
				SWIFT_EMIT_LOC_STRINGS = NO;
				SWIFT_VERSION = 5.0;
				TARGETED_DEVICE_FAMILY = "1,2";
				TEST_TARGET_NAME = MyNetflix;
			};
			name = Release;
		};
/* End XCBuildConfiguration section */

/* Begin XCConfigurationList section */
		9F9AA6B1286AD25A00D195B7 /* Build configuration list for PBXProject "MyNetflix" */ = {
			isa = XCConfigurationList;
			buildConfigurations = (
				9F9AA6DE286AD25C00D195B7 /* Debug */,
				9F9AA6DF286AD25C00D195B7 /* Release */,
			);
			defaultConfigurationIsVisible = 0;
			defaultConfigurationName = Release;
		};
		9F9AA6E0286AD25C00D195B7 /* Build configuration list for PBXNativeTarget "MyNetflix" */ = {
			isa = XCConfigurationList;
			buildConfigurations = (
				9F9AA6E1286AD25C00D195B7 /* Debug */,
				9F9AA6E2286AD25C00D195B7 /* Release */,
			);
			defaultConfigurationIsVisible = 0;
			defaultConfigurationName = Release;
		};
		9F9AA6E3286AD25C00D195B7 /* Build configuration list for PBXNativeTarget "MyNetflixTests" */ = {
			isa = XCConfigurationList;
			buildConfigurations = (
				9F9AA6E4286AD25C00D195B7 /* Debug */,
				9F9AA6E5286AD25C00D195B7 /* Release */,
			);
			defaultConfigurationIsVisible = 0;
			defaultConfigurationName = Release;
		};
		9F9AA6E6286AD25C00D195B7 /* Build configuration list for PBXNativeTarget "MyNetflixUITests" */ = {
			isa = XCConfigurationList;
			buildConfigurations = (
				9F9AA6E7286AD25C00D195B7 /* Debug */,
				9F9AA6E8286AD25C00D195B7 /* Release */,
			);
			defaultConfigurationIsVisible = 0;
			defaultConfigurationName = Release;
		};
/* End XCConfigurationList section */
	};
	rootObject = 9F9AA6AE286AD25A00D195B7 /* Project object */;
}
